
Microsoft Visual Studio Solution File, Format Version 12.00
# Visual Studio Version 16
VisualStudioVersion = 16.0.30907.101
MinimumVisualStudioVersion = 10.0.40219.1
Project("{FAE04EC0-301F-11D3-BF4B-00C04F79EFBC}") = "voip-phone-controller-wpf", "voip-phone-controller-wpf\voip-phone-controller-wpf.csproj", "{63B09BCF-6564-47DB-B706-DDEDBE2D1299}"
EndProject
Global
	GlobalSection(SolutionConfigurationPlatforms) = preSolution
		Debug|Any CPU = Debug|Any CPU
		Release|Any CPU = Release|Any CPU
	EndGlobalSection
	GlobalSection(ProjectConfigurationPlatforms) = postSolution
		{63B09BCF-6564-47DB-B706-DDEDBE2D1299}.Debug|Any CPU.ActiveCfg = Debug|Any CPU
		{63B09BCF-6564-47DB-B706-DDEDBE2D1299}.Debug|Any CPU.Build.0 = Debug|Any CPU
		{63B09BCF-6564-47DB-B706-DDEDBE2D1299}.Release|Any CPU.ActiveCfg = Release|Any CPU
		{63B09BCF-6564-47DB-B706-DDEDBE2D1299}.Release|Any CPU.Build.0 = Release|Any CPU
	EndGlobalSection
	GlobalSection(SolutionProperties) = preSolution
		HideSolutionNode = FALSE
	EndGlobalSection
	GlobalSection(ExtensibilityGlobals) = postSolution
		SolutionGuid = {A8F88D34-9074-42F0-8B59-82AB2E56F958}
	EndGlobalSection
EndGlobal
